---
# This is a generated YAML file by ansible-ruby, DO NOT EDIT
- hosts: localhost
  name: block fun
  connection: local
  tasks:
  - include: inclusion.yml
    vars:
      howdy: 123
  - block:
    - name: say hello
      command: uname
      register: result_1
      failed_when: "'Linux' not in result_1.stdout"
    - name: and goodbye
      command: uname -a
      register: result_1
      failed_when: "'Darwin' not in result_1.stdout"
    when: "{{ stuff }}"